version = 1
requires-python = ">=3.11"

[[package]]
name = "hospital-triage-openenv"
version = "1.0.0"
source = { editable = "." }
dependencies = [
    { name = "fastapi" },
    { name = "uvicorn" },
    { name = "pydantic" },
    { name = "requests" },
    { name = "openai" },
    { name = "openenv-core" },
]